// !$*UTF8*$!
{
	archiveVersion = 1;
	classes = {
	};
	objectVersion = 50;
	objects = {

/* Begin PBXBuildFile section */
		784E04E026F034F8007BB5D2 /* HolidaysTableViewController.swift in Sources */ = {isa = PBXBuildFile; fileRef = 784E04DF26F034F8007BB5D2 /* HolidaysTableViewController.swift */; };
		784E04E226F037E9007BB5D2 /* Holiday.swift in Sources */ = {isa = PBXBuildFile; fileRef = 784E04E126F037E9007BB5D2 /* Holiday.swift */; };
		784E04E426F03989007BB5D2 /* HolidayRequest.swift in Sources */ = {isa = PBXBuildFile; fileRef = 784E04E326F03989007BB5D2 /* HolidayRequest.swift */; };
		78544A0126F0068700E1D624 /* AppDelegate.swift in Sources */ = {isa = PBXBuildFile; fileRef = 78544A0026F0068700E1D624 /* AppDelegate.swift */; };
		78544A0326F0068700E1D624 /* SceneDelegate.swift in Sources */ = {isa = PBXBuildFile; fileRef = 78544A0226F0068700E1D624 /* SceneDelegate.swift */; };
		78544A0826F0068700E1D624 /* Main.storyboard in Resources */ = {isa = PBXBuildFile; fileRef = 78544A0626F0068700E1D624 /* Main.storyboard */; };
		78544A0A26F0068B00E1D624 /* Assets.xcassets in Resources */ = {isa = PBXBuildFile; fileRef = 78544A0926F0068B00E1D624 /* Assets.xcassets */; };
		78544A0D26F0068B00E1D624 /* LaunchScreen.storyboard in Resources */ = {isa = PBXBuildFile; fileRef = 78544A0B26F0068B00E1D624 /* LaunchScreen.storyboard */; };
/* End PBXBuildFile section */

/* Begin PBXFileReference section */
		784E04DF26F034F8007BB5D2 /* HolidaysTableViewController.swift */ = {isa = PBXFileReference; lastKnownFileType = sourcecode.swift; path = HolidaysTableViewController.swift; sourceTree = "<group>"; };
		784E04E126F037E9007BB5D2 /* Holiday.swift */ = {isa = PBXFileReference; lastKnownFileType = sourcecode.swift; path = Holiday.swift; sourceTree = "<group>"; };
		784E04E326F03989007BB5D2 /* HolidayRequest.swift */ = {isa = PBXFileReference; lastKnownFileType = sourcecode.swift; path = HolidayRequest.swift; sourceTree = "<group>"; };
		785449FD26F0068700E1D624 /* restAPI.app */ = {isa = PBXFileReference; explicitFileType = wrapper.application; includeInIndex = 0; path = restAPI.app; sourceTree = BUILT_PRODUCTS_DIR; };
		78544A0026F0068700E1D624 /* AppDelegate.swift */ = {isa = PBXFileReference; lastKnownFileType = sourcecode.swift; path = AppDelegate.swift; sourceTree = "<group>"; };
		78544A0226F0068700E1D624 /* SceneDelegate.swift */ = {isa = PBXFileReference; lastKnownFileType = sourcecode.swift; path = SceneDelegate.swift; sourceTree = "<group>"; };
		78544A0726F0068700E1D624 /* Base */ = {isa = PBXFileReference; lastKnownFileType = file.storyboard; name = Base; path = Base.lproj/Main.storyboard; sourceTree = "<group>"; };
		78544A0926F0068B00E1D624 /* Assets.xcassets */ = {isa = PBXFileReference; lastKnownFileType = folder.assetcatalog; path = Assets.xcassets; sourceTree = "<group>"; };
		78544A0C26F0068B00E1D624 /* Base */ = {isa = PBXFileReference; lastKnownFileType = file.storyboard; name = Base; path = Base.lproj/LaunchScreen.storyboard; sourceTree = "<group>"; };
		78544A0E26F0068B00E1D624 /* Info.plist */ = {isa = PBXFileReference; lastKnownFileType = text.plist.xml; path = Info.plist; sourceTree = "<group>"; };
/* End PBXFileReference section */

/* Begin PBXFrameworksBuildPhase section */
		785449FA26F0068700E1D624 /* Frameworks */ = {
			isa = PBXFrameworksBuildPhase;
			buildActionMask = 2147483647;
			files = (
			);
			runOnlyForDeploymentPostprocessing = 0;
		};
/* End PBXFrameworksBuildPhase section */

/* Begin PBXGroup section */
		785449F426F0068700E1D624 = {
			isa = PBXGroup;
			children = (
				785449FF26F0068700E1D624 /* restAPI */,
				785449FE26F0068700E1D624 /* Products */,
			);
			sourceTree = "<group>";
		};
		785449FE26F0068700E1D624 /* Products */ = {
			isa = PBXGroup;
			children = (
				785449FD26F0068700E1D624 /* restAPI.app */,
			);
			name = Products;
			sourceTree = "<group>";
		};
		785449FF26F0068700E1D624 /* restAPI */ = {
			isa = PBXGroup;
			children = (
				78544A0026F0068700E1D624 /* AppDelegate.swift */,
				78544A0226F0068700E1D624 /* SceneDelegate.swift */,
				784E04DF26F034F8007BB5D2 /* HolidaysTableViewController.swift */,
				78544A0626F0068700E1D624 /* Main.storyboard */,
				78544A0926F0068B00E1D624 /* Assets.xcassets */,
				78544A0B26F0068B00E1D624 /* LaunchScreen.storyboard */,
				78544A0E26F0068B00E1D624 /* Info.plist */,
				784E04E126F037E9007BB5D2 /* Holiday.swift */,
				784E04E326F03989007BB5D2 /* HolidayRequest.swift */,
			);
			path = restAPI;
			sourceTree = "<group>";
		};
/* End PBXGroup section */

/* Begin PBXNativeTarget section */
		785449FC26F0068700E1D624 /* restAPI */ = {
			isa = PBXNativeTarget;
			buildConfigurationList = 78544A1126F0068B00E1D624 /* Build configuration list for PBXNativeTarget "restAPI" */;
			buildPhases = (
				785449F926F0068700E1D624 /* Sources */,
				785449FA26F0068700E1D624 /* Frameworks */,
				785449FB26F0068700E1D624 /* Resources */,
			);
			buildRules = (
			);
			dependencies = (
			);
			name = restAPI;
			productName = restAPI;
			productReference = 785449FD26F0068700E1D624 /* restAPI.app */;
			productType = "com.apple.product-type.application";
		};
/* End PBXNativeTarget section */

/* Begin PBXProject section */
		785449F526F0068700E1D624 /* Project object */ = {
			isa = PBXProject;
			attributes = {
				LastSwiftUpdateCheck = 1250;
				LastUpgradeCheck = 1250;
				TargetAttributes = {
					785449FC26F0068700E1D624 = {
						CreatedOnToolsVersion = 12.5.1;
					};
				};
			};
			buildConfigurationList = 785449F826F0068700E1D624 /* Build configuration list for PBXProject "restAPI" */;
			compatibilityVersion = "Xcode 9.3";
			developmentRegion = en;
			hasScannedForEncodings = 0;
			knownRegions = (
				en,
				Base,
			);
			mainGroup = 785449F426F0068700E1D624;
			productRefGroup = 785449FE26F0068700E1D624 /* Products */;
			projectDirPath = "";
			projectRoot = "";
			targets = (
				785449FC26F0068700E1D624 /* restAPI */,
			);
		};
/* End PBXProject section */

/* Begin PBXResourcesBuildPhase section */
		785449FB26F0068700E1D624 /* Resources */ = {
			isa = PBXResourcesBuildPhase;
			buildActionMask = 2147483647;
			files = (
				78544A0D26F0068B00E1D624 /* LaunchScreen.storyboard in Resources */,
				78544A0A26F0068B00E1D624 /* Assets.xcassets in Resources */,
				78544A0826F0068700E1D624 /* Main.storyboard in Resources */,
			);
			runOnlyForDeploymentPostprocessing = 0;
		};
/* End PBXResourcesBuildPhase section */

/* Begin PBXSourcesBuildPhase section */
		785449F926F0068700E1D624 /* Sources */ = {
			isa = PBXSourcesBuildPhase;
			buildActionMask = 2147483647;
			files = (
				784E04E026F034F8007BB5D2 /* HolidaysTableViewController.swift in Sources */,
				784E04E426F03989007BB5D2 /* HolidayRequest.swift in Sources */,
				78544A0126F0068700E1D624 /* AppDelegate.swift in Sources */,
				784E04E226F037E9007BB5D2 /* Holiday.swift in Sources */,
				78544A0326F0068700E1D624 /* SceneDelegate.swift in Sources */,
			);
			runOnlyForDeploymentPostprocessing = 0;
		};
/* End PBXSourcesBuildPhase section */

/* Begin PBXVariantGroup section */
		78544A0626F0068700E1D624 /* Main.storyboard */ = {
			isa = PBXVariantGroup;
			children = (
				78544A0726F0068700E1D624 /* Base */,
			);
			name = Main.storyboard;
			sourceTree = "<group>";
		};
		78544A0B26F0068B00E1D624 /* LaunchScreen.storyboard */ = {
			isa = PBXVariantGroup;
			children = (
				78544A0C26F0068B00E1D624 /* Base */,
			);
			name = LaunchScreen.storyboard;
			sourceTree = "<group>";
		};
/* End PBXVariantGroup section */

/* Begin XCBuildConfiguration section */
		78544A0F26F0068B00E1D624 /* Debug */ = {
			isa = XCBuildConfiguration;
			buildSettings = {
				ALWAYS_SEARCH_USER_PATHS = NO;
				CLANG_ANALYZER_NONNULL = YES;
				CLANG_ANALYZER_NUMBER_OBJECT_CONVERSION = YES_AGGRESSIVE;
				CLANG_CXX_LANGUAGE_STANDARD = "gnu++14";
				CLANG_CXX_LIBRARY = "libc++";
				CLANG_ENABLE_MODULES = YES;
				CLANG_ENABLE_OBJC_ARC = YES;
				CLANG_ENABLE_OBJC_WEAK = YES;
				CLANG_WARN_BLOCK_CAPTURE_AUTORELEASING = YES;
				CLANG_WARN_BOOL_CONVERSION = YES;
				CLANG_WARN_COMMA = YES;
				CLANG_WARN_CONSTANT_CONVERSION = YES;
				CLANG_WARN_DEPRECATED_OBJC_IMPLEMENTATIONS = YES;
				CLANG_WARN_DIRECT_OBJC_ISA_USAGE = YES_ERROR;
				CLANG_WARN_DOCUMENTATION_COMMENTS = YES;
				CLANG_WARN_EMPTY_BODY = YES;
				CLANG_WARN_ENUM_CONVERSION = YES;
				CLANG_WARN_INFINITE_RECURSION = YES;
				CLANG_WARN_INT_CONVERSION = YES;
				CLANG_WARN_NON_LITERAL_NULL_CONVERSION = YES;
				CLANG_WARN_OBJC_IMPLICIT_RETAIN_SELF = YES;
				CLANG_WARN_OBJC_LITERAL_CONVERSION = YES;
				CLANG_WARN_OBJC_ROOT_CLASS = YES_ERROR;
				CLANG_WARN_QUOTED_INCLUDE_IN_FRAMEWORK_HEADER = YES;
				CLANG_WARN_RANGE_LOOP_ANALYSIS = YES;
				CLANG_WARN_STRICT_PROTOTYPES = YES;
				CLANG_WARN_SUSPICIOUS_MOVE = YES;
				CLANG_WARN_UNGUARDED_AVAILABILITY = YES_AGGRESSIVE;
				CLANG_WARN_UNREACHABLE_CODE = YES;
				CLANG_WARN__DUPLICATE_METHOD_MATCH = YES;
				COPY_PHASE_STRIP = NO;
				DEBUG_INFORMATION_FORMAT = dwarf;
				ENABLE_STRICT_OBJC_MSGSEND = YES;
				ENABLE_TESTABILITY = YES;
				GCC_C_LANGUAGE_STANDARD = gnu11;
				GCC_DYNAMIC_NO_PIC = NO;
				GCC_NO_COMMON_BLOCKS = YES;
				GCC_OPTIMIZATION_LEVEL = 0;
				GCC_PREPROCESSOR_DEFINITIONS = (
					"DEBUG=1",
					"$(inherited)",
				);
				GCC_WARN_64_TO_32_BIT_CONVERSION = YES;
				GCC_WARN_ABOUT_RETURN_TYPE = YES_ERROR;
				GCC_WARN_UNDECLARED_SELECTOR = YES;
				GCC_WARN_UNINITIALIZED_AUTOS = YES_AGGRESSIVE;
				GCC_WARN_UNUSED_FUNCTION = YES;
				GCC_WARN_UNUSED_VARIABLE = YES;
				IPHONEOS_DEPLOYMENT_TARGET = 14.5;
				MTL_ENABLE_DEBUG_INFO = INCLUDE_SOURCE;
				MTL_FAST_MATH = YES;
				ONLY_ACTIVE_ARCH = YES;
				SDKROOT = iphoneos;
				SWIFT_ACTIVE_COMPILATION_CONDITIONS = DEBUG;
				SWIFT_OPTIMIZATION_LEVEL = "-Onone";
			};
			name = Debug;
		};
		78544A1026F0068B00E1D624 /* Release */ = {
			isa = XCBuildConfiguration;
			buildSettings = {
				ALWAYS_SEARCH_USER_PATHS = NO;
				CLANG_ANALYZER_NONNULL = YES;
				CLANG_ANALYZER_NUMBER_OBJECT_CONVERSION = YES_AGGRESSIVE;
				CLANG_CXX_LANGUAGE_STANDARD = "gnu++14";
				CLANG_CXX_LIBRARY = "libc++";
				CLANG_ENABLE_MODULES = YES;
				CLANG_ENABLE_OBJC_ARC = YES;
				CLANG_ENABLE_OBJC_WEAK = YES;
				CLANG_WARN_BLOCK_CAPTURE_AUTORELEASING = YES;
				CLANG_WARN_BOOL_CONVERSION = YES;
				CLANG_WARN_COMMA = YES;
				CLANG_WARN_CONSTANT_CONVERSION = YES;
				CLANG_WARN_DEPRECATED_OBJC_IMPLEMENTATIONS = YES;
				CLANG_WARN_DIRECT_OBJC_ISA_USAGE = YES_ERROR;
				CLANG_WARN_DOCUMENTATION_COMMENTS = YES;
				CLANG_WARN_EMPTY_BODY = YES;
				CLANG_WARN_ENUM_CONVERSION = YES;
				CLANG_WARN_INFINITE_RECURSION = YES;
				CLANG_WARN_INT_CONVERSION = YES;
				CLANG_WARN_NON_LITERAL_NULL_CONVERSION = YES;
				CLANG_WARN_OBJC_IMPLICIT_RETAIN_SELF = YES;
				CLANG_WARN_OBJC_LITERAL_CONVERSION = YES;
				CLANG_WARN_OBJC_ROOT_CLASS = YES_ERROR;
				CLANG_WARN_QUOTED_INCLUDE_IN_FRAMEWORK_HEADER = YES;
				CLANG_WARN_RANGE_LOOP_ANALYSIS = YES;
				CLANG_WARN_STRICT_PROTOTYPES = YES;
				CLANG_WARN_SUSPICIOUS_MOVE = YES;
				CLANG_WARN_UNGUARDED_AVAILABILITY = YES_AGGRESSIVE;
				CLANG_WARN_UNREACHABLE_CODE = YES;
				CLANG_WARN__DUPLICATE_METHOD_MATCH = YES;
				COPY_PHASE_STRIP = NO;
				DEBUG_INFORMATION_FORMAT = "dwarf-with-dsym";
				ENABLE_NS_ASSERTIONS = NO;
				ENABLE_STRICT_OBJC_MSGSEND = YES;
				GCC_C_LANGUAGE_STANDARD = gnu11;
				GCC_NO_COMMON_BLOCKS = YES;
				GCC_WARN_64_TO_32_BIT_CONVERSION = YES;
				GCC_WARN_ABOUT_RETURN_TYPE = YES_ERROR;
				GCC_WARN_UNDECLARED_SELECTOR = YES;
				GCC_WARN_UNINITIALIZED_AUTOS = YES_AGGRESSIVE;
				GCC_WARN_UNUSED_FUNCTION = YES;
				GCC_WARN_UNUSED_VARIABLE = YES;
				IPHONEOS_DEPLOYMENT_TARGET = 14.5;
				MTL_ENABLE_DEBUG_INFO = NO;
				MTL_FAST_MATH = YES;
				SDKROOT = iphoneos;
				SWIFT_COMPILATION_MODE = wholemodule;
				SWIFT_OPTIMIZATION_LEVEL = "-O";
				VALIDATE_PRODUCT = YES;
			};
			name = Release;
		};
		78544A1226F0068B00E1D624 /* Debug */ = {
			isa = XCBuildConfiguration;
			buildSettings = {
				ASSETCATALOG_COMPILER_APPICON_NAME = AppIcon;
				ASSETCATALOG_COMPILER_GLOBAL_ACCENT_COLOR_NAME = AccentColor;
				CODE_SIGN_STYLE = Automatic;
				DEVELOPMENT_TEAM = L9D5D69YLP;
				INFOPLIST_FILE = restAPI/Info.plist;
				LD_RUNPATH_SEARCH_PATHS = (
					"$(inherited)",
					"@executable_path/Frameworks",
				);
				PRODUCT_BUNDLE_IDENTIFIER = RedNguyen.restAPI;
				PRODUCT_NAME = "$(TARGET_NAME)";
				SWIFT_VERSION = 5.0;
				TARGETED_DEVICE_FAMILY = "1,2";
			};
			name = Debug;
		};
		78544A1326F0068B00E1D624 /* Release */ = {
			isa = XCBuildConfiguration;
			buildSettings = {
				ASSETCATALOG_COMPILER_APPICON_NAME = AppIcon;
				ASSETCATALOG_COMPILER_GLOBAL_ACCENT_COLOR_NAME = AccentColor;
				CODE_SIGN_STYLE = Automatic;
				DEVELOPMENT_TEAM = L9D5D69YLP;
				INFOPLIST_FILE = restAPI/Info.plist;
				LD_RUNPATH_SEARCH_PATHS = (
					"$(inherited)",
					"@executable_path/Frameworks",
				);
				PRODUCT_BUNDLE_IDENTIFIER = RedNguyen.restAPI;
				PRODUCT_NAME = "$(TARGET_NAME)";
				SWIFT_VERSION = 5.0;
				TARGETED_DEVICE_FAMILY = "1,2";
			};
			name = Release;
		};
/* End XCBuildConfiguration section */

/* Begin XCConfigurationList section */
		785449F826F0068700E1D624 /* Build configuration list for PBXProject "restAPI" */ = {
			isa = XCConfigurationList;
			buildConfigurations = (
				78544A0F26F0068B00E1D624 /* Debug */,
				78544A1026F0068B00E1D624 /* Release */,
			);
			defaultConfigurationIsVisible = 0;
			defaultConfigurationName = Release;
		};
		78544A1126F0068B00E1D624 /* Build configuration list for PBXNativeTarget "restAPI" */ = {
			isa = XCConfigurationList;
			buildConfigurations = (
				78544A1226F0068B00E1D624 /* Debug */,
				78544A1326F0068B00E1D624 /* Release */,
			);
			defaultConfigurationIsVisible = 0;
			defaultConfigurationName = Release;
		};
/* End XCConfigurationList section */
	};
	rootObject = 785449F526F0068700E1D624 /* Project object */;
}
